Microsoft Visual Studio Solution File, Format Version 12.00
# Visual Studio Version 17
VisualStudioVersion = 17.9.34728.123
MinimumVisualStudioVersion = 10.0.40219.1
Project("{8BC9CEB8-8B4A-11D0-8D11-00A0C91BC942}") = "cpp_fp1", "fp1\fp1.vcxproj", "{15572E5A-8D25-4949-8F28-B9AE054DFA96}"
EndProject
Project("{8BC9CEB8-8B4A-11D0-8D11-00A0C91BC942}") = "cpp_fp2", "fp2\fp2.vcxproj", "{E22A47C7-267B-4225-A1BE-49E25C09F24B}"
EndProject
Project("{8BC9CEB8-8B4A-11D0-8D11-00A0C91BC942}") = "cpp_fp3", "fp3\fp3.vcxproj", "{5B29B688-8E90-4C5A-BD7C-FB4A29A36B82}"
EndProject
Project("{8BC9CEB8-8B4A-11D0-8D11-00A0C91BC942}") = "cpp_bat_script", "fp_bat_script\fp_bat_script.vcxproj", "{D7EAE505-7D84-4EA7-B626-1ACB3AF162D5}"
EndProject
Project("{8BC9CEB8-8B4A-11D0-8D11-00A0C91BC942}") = "cpp_fp_hdr", "fp_hdr\fp_hdr.vcxproj", "{C10391B4-8A40-43AD-B2C0-C72BBB388320}"
EndProject
Project("{8BC9CEB8-8B4A-11D0-8D11-00A0C91BC942}") = "cpp_ps1_script", "fp_ps1_script\fp_ps1_script.vcxproj", "{BF78946C-5011-4CFF-9D75-B3D2F212AE1B}"
EndProject
Project("{8BC9CEB8-8B4A-11D0-8D11-00A0C91BC942}") = "unit_test", "unit_test\unit_test.vcxproj", "{892530C3-A591-4017-B190-C12232DEEAA2}"
EndProject
Project("{8BC9CEB8-8B4A-11D0-8D11-00A0C91BC942}") = "cpp_fp4", "fp4\fp4.vcxproj", "{98790942-A1FA-4282-BA58-87AA50364923}"
EndProject
Project("{8BC9CEB8-8B4A-11D0-8D11-00A0C91BC942}") = "cpp_fp5", "fp5\fp5.vcxproj", "{295875EF-4A32-48BB-AAE5-32FB242CEC24}"
EndProject
Project("{2150E333-8FDC-42A3-9474-1A3956D46DE8}") = "Solution Items", "Solution Items", "{0CA8958B-C8A3-4DD3-A8BF-193120D6E4C0}"
	ProjectSection(SolutionItems) = preProject
		.gitignore = .gitignore
		README.md = README.md
	EndProjectSection
EndProject
Project("{8BC9CEB8-8B4A-11D0-8D11-00A0C91BC942}") = "cpp_fp_ev", "fp_ev\fp_ev.vcxproj", "{32EE0AA8-710A-4A32-8880-B92574735C79}"
EndProject
Global
	GlobalSection(SolutionConfigurationPlatforms) = preSolution
		Debug|x64 = Debug|x64
		Debug|x86 = Debug|x86
		Release|x64 = Release|x64
		Release|x86 = Release|x86
	EndGlobalSection
	GlobalSection(ProjectConfigurationPlatforms) = postSolution
		{15572E5A-8D25-4949-8F28-B9AE054DFA96}.Debug|x64.ActiveCfg = Debug|x64
		{15572E5A-8D25-4949-8F28-B9AE054DFA96}.Debug|x64.Build.0 = Debug|x64
		{15572E5A-8D25-4949-8F28-B9AE054DFA96}.Debug|x86.ActiveCfg = Debug|Win32
		{15572E5A-8D25-4949-8F28-B9AE054DFA96}.Debug|x86.Build.0 = Debug|Win32
		{15572E5A-8D25-4949-8F28-B9AE054DFA96}.Release|x64.ActiveCfg = Release|x64
		{15572E5A-8D25-4949-8F28-B9AE054DFA96}.Release|x64.Build.0 = Release|x64
		{15572E5A-8D25-4949-8F28-B9AE054DFA96}.Release|x86.ActiveCfg = Release|Win32
		{15572E5A-8D25-4949-8F28-B9AE054DFA96}.Release|x86.Build.0 = Release|Win32
		{E22A47C7-267B-4225-A1BE-49E25C09F24B}.Debug|x64.ActiveCfg = Debug|x64
		{E22A47C7-267B-4225-A1BE-49E25C09F24B}.Debug|x64.Build.0 = Debug|x64
		{E22A47C7-267B-4225-A1BE-49E25C09F24B}.Debug|x86.ActiveCfg = Debug|Win32
		{E22A47C7-267B-4225-A1BE-49E25C09F24B}.Debug|x86.Build.0 = Debug|Win32
		{E22A47C7-267B-4225-A1BE-49E25C09F24B}.Release|x64.ActiveCfg = Release|x64
		{E22A47C7-267B-4225-A1BE-49E25C09F24B}.Release|x64.Build.0 = Release|x64
		{E22A47C7-267B-4225-A1BE-49E25C09F24B}.Release|x86.ActiveCfg = Release|Win32
		{E22A47C7-267B-4225-A1BE-49E25C09F24B}.Release|x86.Build.0 = Release|Win32
		{5B29B688-8E90-4C5A-BD7C-FB4A29A36B82}.Debug|x64.ActiveCfg = Debug|x64
		{5B29B688-8E90-4C5A-BD7C-FB4A29A36B82}.Debug|x64.Build.0 = Debug|x64
		{5B29B688-8E90-4C5A-BD7C-FB4A29A36B82}.Debug|x86.ActiveCfg = Debug|Win32
		{5B29B688-8E90-4C5A-BD7C-FB4A29A36B82}.Debug|x86.Build.0 = Debug|Win32
		{5B29B688-8E90-4C5A-BD7C-FB4A29A36B82}.Release|x64.ActiveCfg = Release|x64
		{5B29B688-8E90-4C5A-BD7C-FB4A29A36B82}.Release|x64.Build.0 = Release|x64
		{5B29B688-8E90-4C5A-BD7C-FB4A29A36B82}.Release|x86.ActiveCfg = Release|Win32
		{5B29B688-8E90-4C5A-BD7C-FB4A29A36B82}.Release|x86.Build.0 = Release|Win32
		{D7EAE505-7D84-4EA7-B626-1ACB3AF162D5}.Debug|x64.ActiveCfg = Debug|x64
		{D7EAE505-7D84-4EA7-B626-1ACB3AF162D5}.Debug|x64.Build.0 = Debug|x64
		{D7EAE505-7D84-4EA7-B626-1ACB3AF162D5}.Debug|x86.ActiveCfg = Debug|Win32
		{D7EAE505-7D84-4EA7-B626-1ACB3AF162D5}.Debug|x86.Build.0 = Debug|Win32
		{D7EAE505-7D84-4EA7-B626-1ACB3AF162D5}.Release|x64.ActiveCfg = Release|x64
		{D7EAE505-7D84-4EA7-B626-1ACB3AF162D5}.Release|x64.Build.0 = Release|x64
		{D7EAE505-7D84-4EA7-B626-1ACB3AF162D5}.Release|x86.ActiveCfg = Release|Win32
		{D7EAE505-7D84-4EA7-B626-1ACB3AF162D5}.Release|x86.Build.0 = Release|Win32
		{C10391B4-8A40-43AD-B2C0-C72BBB388320}.Debug|x64.ActiveCfg = Debug|x64
		{C10391B4-8A40-43AD-B2C0-C72BBB388320}.Debug|x64.Build.0 = Debug|x64
		{C10391B4-8A40-43AD-B2C0-C72BBB388320}.Debug|x86.ActiveCfg = Debug|Win32
		{C10391B4-8A40-43AD-B2C0-C72BBB388320}.Debug|x86.Build.0 = Debug|Win32
		{C10391B4-8A40-43AD-B2C0-C72BBB388320}.Release|x64.ActiveCfg = Release|x64
		{C10391B4-8A40-43AD-B2C0-C72BBB388320}.Release|x64.Build.0 = Release|x64
		{C10391B4-8A40-43AD-B2C0-C72BBB388320}.Release|x86.ActiveCfg = Release|Win32
		{C10391B4-8A40-43AD-B2C0-C72BBB388320}.Release|x86.Build.0 = Release|Win32
		{BF78946C-5011-4CFF-9D75-B3D2F212AE1B}.Debug|x64.ActiveCfg = Debug|x64
		{BF78946C-5011-4CFF-9D75-B3D2F212AE1B}.Debug|x64.Build.0 = Debug|x64
		{BF78946C-5011-4CFF-9D75-B3D2F212AE1B}.Debug|x86.ActiveCfg = Debug|Win32
		{BF78946C-5011-4CFF-9D75-B3D2F212AE1B}.Debug|x86.Build.0 = Debug|Win32
		{BF78946C-5011-4CFF-9D75-B3D2F212AE1B}.Release|x64.ActiveCfg = Release|x64
		{BF78946C-5011-4CFF-9D75-B3D2F212AE1B}.Release|x64.Build.0 = Release|x64
		{BF78946C-5011-4CFF-9D75-B3D2F212AE1B}.Release|x86.ActiveCfg = Release|Win32
		{BF78946C-5011-4CFF-9D75-B3D2F212AE1B}.Release|x86.Build.0 = Release|Win32
		{892530C3-A591-4017-B190-C12232DEEAA2}.Debug|x64.ActiveCfg = Debug|x64
		{892530C3-A591-4017-B190-C12232DEEAA2}.Debug|x64.Build.0 = Debug|x64
		{892530C3-A591-4017-B190-C12232DEEAA2}.Debug|x86.ActiveCfg = Debug|Win32
		{892530C3-A591-4017-B190-C12232DEEAA2}.Debug|x86.Build.0 = Debug|Win32
		{892530C3-A591-4017-B190-C12232DEEAA2}.Release|x64.ActiveCfg = Release|x64
		{892530C3-A591-4017-B190-C12232DEEAA2}.Release|x64.Build.0 = Release|x64
		{892530C3-A591-4017-B190-C12232DEEAA2}.Release|x86.ActiveCfg = Release|Win32
		{892530C3-A591-4017-B190-C12232DEEAA2}.Release|x86.Build.0 = Release|Win32
		{98790942-A1FA-4282-BA58-87AA50364923}.Debug|x64.ActiveCfg = Debug|x64
		{98790942-A1FA-4282-BA58-87AA50364923}.Debug|x64.Build.0 = Debug|x64
		{98790942-A1FA-4282-BA58-87AA50364923}.Debug|x86.ActiveCfg = Debug|Win32
		{98790942-A1FA-4282-BA58-87AA50364923}.Debug|x86.Build.0 = Debug|Win32
		{98790942-A1FA-4282-BA58-87AA50364923}.Release|x64.ActiveCfg = Release|x64
		{98790942-A1FA-4282-BA58-87AA50364923}.Release|x64.Build.0 = Release|x64
		{98790942-A1FA-4282-BA58-87AA50364923}.Release|x86.ActiveCfg = Release|Win32
		{98790942-A1FA-4282-BA58-87AA50364923}.Release|x86.Build.0 = Release|Win32
		{295875EF-4A32-48BB-AAE5-32FB242CEC24}.Debug|x64.ActiveCfg = Debug|x64
		{295875EF-4A32-48BB-AAE5-32FB242CEC24}.Debug|x64.Build.0 = Debug|x64
		{295875EF-4A32-48BB-AAE5-32FB242CEC24}.Debug|x86.ActiveCfg = Debug|Win32
		{295875EF-4A32-48BB-AAE5-32FB242CEC24}.Debug|x86.Build.0 = Debug|Win32
		{295875EF-4A32-48BB-AAE5-32FB242CEC24}.Release|x64.ActiveCfg = Release|x64
		{295875EF-4A32-48BB-AAE5-32FB242CEC24}.Release|x64.Build.0 = Release|x64
		{295875EF-4A32-48BB-AAE5-32FB242CEC24}.Release|x86.ActiveCfg = Release|Win32
		{295875EF-4A32-48BB-AAE5-32FB242CEC24}.Release|x86.Build.0 = Release|Win32
		{32EE0AA8-710A-4A32-8880-B92574735C79}.Debug|x64.ActiveCfg = Debug|x64
		{32EE0AA8-710A-4A32-8880-B92574735C79}.Debug|x64.Build.0 = Debug|x64
		{32EE0AA8-710A-4A32-8880-B92574735C79}.Debug|x86.ActiveCfg = Debug|Win32
		{32EE0AA8-710A-4A32-8880-B92574735C79}.Debug|x86.Build.0 = Debug|Win32
		{32EE0AA8-710A-4A32-8880-B92574735C79}.Release|x64.ActiveCfg = Release|x64
		{32EE0AA8-710A-4A32-8880-B92574735C79}.Release|x64.Build.0 = Release|x64
		{32EE0AA8-710A-4A32-8880-B92574735C79}.Release|x86.ActiveCfg = Release|Win32
		{32EE0AA8-710A-4A32-8880-B92574735C79}.Release|x86.Build.0 = Release|Win32
	EndGlobalSection
	GlobalSection(SolutionProperties) = preSolution
		HideSolutionNode = FALSE
	EndGlobalSection
	GlobalSection(ExtensibilityGlobals) = postSolution
		SolutionGuid = {F16EB2BD-0C8E-4655-8461-3D8C629C0C52}
	EndGlobalSection
	GlobalSection(DevPartner) = postSolution
	EndGlobalSection
	GlobalSection(DevPartner) = postSolution
	EndGlobalSection
EndGlobal
